
Microsoft Visual Studio Solution File, Format Version 12.00
# Visual Studio 2013
VisualStudioVersion = 12.0.31101.0
MinimumVisualStudioVersion = 10.0.40219.1
Project("{FAE04EC0-301F-11D3-BF4B-00C04F79EFBC}") = "Test.Unit", "Test.Unit\Test.Unit.csproj", "{106B6592-6061-4CE1-93CC-614E01B08DF5}"
EndProject
Project("{FAE04EC0-301F-11D3-BF4B-00C04F79EFBC}") = "App", "App\App.csproj", "{7C17C628-EF4C-41B4-AB5C-B19E50E9989E}"
EndProject
Project("{FAE04EC0-301F-11D3-BF4B-00C04F79EFBC}") = "Test.System", "Test.System\Test.System.csproj", "{89999069-7CE0-4735-9F70-7179497FDF0E}"
EndProject
Global
	GlobalSection(SolutionConfigurationPlatforms) = preSolution
		Debug|Any CPU = Debug|Any CPU
		Release|Any CPU = Release|Any CPU
	EndGlobalSection
	GlobalSection(ProjectConfigurationPlatforms) = postSolution
		{106B6592-6061-4CE1-93CC-614E01B08DF5}.Debug|Any CPU.ActiveCfg = Debug|Any CPU
		{106B6592-6061-4CE1-93CC-614E01B08DF5}.Debug|Any CPU.Build.0 = Debug|Any CPU
		{106B6592-6061-4CE1-93CC-614E01B08DF5}.Release|Any CPU.ActiveCfg = Release|Any CPU
		{106B6592-6061-4CE1-93CC-614E01B08DF5}.Release|Any CPU.Build.0 = Release|Any CPU
		{7C17C628-EF4C-41B4-AB5C-B19E50E9989E}.Debug|Any CPU.ActiveCfg = Debug|Any CPU
		{7C17C628-EF4C-41B4-AB5C-B19E50E9989E}.Debug|Any CPU.Build.0 = Debug|Any CPU
		{7C17C628-EF4C-41B4-AB5C-B19E50E9989E}.Release|Any CPU.ActiveCfg = Release|Any CPU
		{7C17C628-EF4C-41B4-AB5C-B19E50E9989E}.Release|Any CPU.Build.0 = Release|Any CPU
		{89999069-7CE0-4735-9F70-7179497FDF0E}.Debug|Any CPU.ActiveCfg = Debug|Any CPU
		{89999069-7CE0-4735-9F70-7179497FDF0E}.Debug|Any CPU.Build.0 = Debug|Any CPU
		{89999069-7CE0-4735-9F70-7179497FDF0E}.Release|Any CPU.ActiveCfg = Release|Any CPU
		{89999069-7CE0-4735-9F70-7179497FDF0E}.Release|Any CPU.Build.0 = Release|Any CPU
	EndGlobalSection
	GlobalSection(SolutionProperties) = preSolution
		HideSolutionNode = FALSE
	EndGlobalSection
EndGlobal
